
Microsoft Visual Studio Solution File, Format Version 12.00
# Visual Studio Version 17
VisualStudioVersion = 17.3.32922.545
MinimumVisualStudioVersion = 10.0.40219.1
Project("{9A19103F-16F7-4668-BE54-9A1E7A4F7556}") = "AdventOfCode", "AdventOfCode.csproj", "{A444933C-D7AD-4835-B9A3-1E0E6976D030}"
EndProject
Global
	GlobalSection(SolutionConfigurationPlatforms) = preSolution
		Debug|Any CPU = Debug|Any CPU
		Debug|x64 = Debug|x64
		Release|Any CPU = Release|Any CPU
		Release|x64 = Release|x64
	EndGlobalSection
	GlobalSection(ProjectConfigurationPlatforms) = postSolution
		{A444933C-D7AD-4835-B9A3-1E0E6976D030}.Debug|Any CPU.ActiveCfg = Debug|Any CPU
		{A444933C-D7AD-4835-B9A3-1E0E6976D030}.Debug|Any CPU.Build.0 = Debug|Any CPU
		{A444933C-D7AD-4835-B9A3-1E0E6976D030}.Debug|x64.ActiveCfg = Debug|x64
		{A444933C-D7AD-4835-B9A3-1E0E6976D030}.Debug|x64.Build.0 = Debug|x64
		{A444933C-D7AD-4835-B9A3-1E0E6976D030}.Release|Any CPU.ActiveCfg = Release|Any CPU
		{A444933C-D7AD-4835-B9A3-1E0E6976D030}.Release|Any CPU.Build.0 = Release|Any CPU
		{A444933C-D7AD-4835-B9A3-1E0E6976D030}.Release|x64.ActiveCfg = Release|x64
		{A444933C-D7AD-4835-B9A3-1E0E6976D030}.Release|x64.Build.0 = Release|x64
	EndGlobalSection
	GlobalSection(SolutionProperties) = preSolution
		HideSolutionNode = FALSE
	EndGlobalSection
	GlobalSection(ExtensibilityGlobals) = postSolution
		SolutionGuid = {D4AFCFF1-A7BC-47B3-ABA4-5FA1923F3C86}
	EndGlobalSection
EndGlobal
